
Microsoft Visual Studio Solution File, Format Version 12.00
# Visual Studio 14
VisualStudioVersion = 14.0.25420.1
MinimumVisualStudioVersion = 10.0.40219.1
Project("{FAE04EC0-301F-11D3-BF4B-00C04F79EFBC}") = "OperateSystem", "OperateSystem\OperateSystem.csproj", "{27ADD17C-5C14-45D6-AAA2-82E0C1FC8B0C}"
EndProject
Project("{FAE04EC0-301F-11D3-BF4B-00C04F79EFBC}") = "EatApple", "EatApple\EatApple.csproj", "{0AA94603-1FFF-4CE6-8731-6203D1FE84DD}"
EndProject
Project("{FAE04EC0-301F-11D3-BF4B-00C04F79EFBC}") = "dispatch", "dispatch\dispatch.csproj", "{5F13B2E4-C099-40FF-A1BC-31F98258EF5E}"
EndProject
Project("{FAE04EC0-301F-11D3-BF4B-00C04F79EFBC}") = "BankDeadLock", "BankDeadLock\BankDeadLock.csproj", "{B8FC3C3C-5632-467A-A02A-11751B31FA6F}"
EndProject
Global
	GlobalSection(SolutionConfigurationPlatforms) = preSolution
		Debug|Any CPU = Debug|Any CPU
		Release|Any CPU = Release|Any CPU
	EndGlobalSection
	GlobalSection(ProjectConfigurationPlatforms) = postSolution
		{27ADD17C-5C14-45D6-AAA2-82E0C1FC8B0C}.Debug|Any CPU.ActiveCfg = Debug|Any CPU
		{27ADD17C-5C14-45D6-AAA2-82E0C1FC8B0C}.Debug|Any CPU.Build.0 = Debug|Any CPU
		{27ADD17C-5C14-45D6-AAA2-82E0C1FC8B0C}.Release|Any CPU.ActiveCfg = Release|Any CPU
		{27ADD17C-5C14-45D6-AAA2-82E0C1FC8B0C}.Release|Any CPU.Build.0 = Release|Any CPU
		{0AA94603-1FFF-4CE6-8731-6203D1FE84DD}.Debug|Any CPU.ActiveCfg = Debug|Any CPU
		{0AA94603-1FFF-4CE6-8731-6203D1FE84DD}.Debug|Any CPU.Build.0 = Debug|Any CPU
		{0AA94603-1FFF-4CE6-8731-6203D1FE84DD}.Release|Any CPU.ActiveCfg = Release|Any CPU
		{0AA94603-1FFF-4CE6-8731-6203D1FE84DD}.Release|Any CPU.Build.0 = Release|Any CPU
		{5F13B2E4-C099-40FF-A1BC-31F98258EF5E}.Debug|Any CPU.ActiveCfg = Debug|Any CPU
		{5F13B2E4-C099-40FF-A1BC-31F98258EF5E}.Debug|Any CPU.Build.0 = Debug|Any CPU
		{5F13B2E4-C099-40FF-A1BC-31F98258EF5E}.Release|Any CPU.ActiveCfg = Release|Any CPU
		{5F13B2E4-C099-40FF-A1BC-31F98258EF5E}.Release|Any CPU.Build.0 = Release|Any CPU
		{B8FC3C3C-5632-467A-A02A-11751B31FA6F}.Debug|Any CPU.ActiveCfg = Debug|Any CPU
		{B8FC3C3C-5632-467A-A02A-11751B31FA6F}.Debug|Any CPU.Build.0 = Debug|Any CPU
		{B8FC3C3C-5632-467A-A02A-11751B31FA6F}.Release|Any CPU.ActiveCfg = Release|Any CPU
		{B8FC3C3C-5632-467A-A02A-11751B31FA6F}.Release|Any CPU.Build.0 = Release|Any CPU
	EndGlobalSection
	GlobalSection(SolutionProperties) = preSolution
		HideSolutionNode = FALSE
	EndGlobalSection
EndGlobal
